
Microsoft Visual Studio Solution File, Format Version 12.00
# Visual Studio 15
VisualStudioVersion = 15.0.26124.0
MinimumVisualStudioVersion = 15.0.26124.0
Project("{FAE04EC0-301F-11D3-BF4B-00C04F79EFBC}") = "PaymentContext.Domain", "PaymentContext.Domain\PaymentContext.Domain.csproj", "{75DE7E73-8879-4AE3-B9C5-8BBCC8C5229A}"
EndProject
Project("{FAE04EC0-301F-11D3-BF4B-00C04F79EFBC}") = "PaymentContext.Shared", "PaymentContext.Shared\PaymentContext.Shared.csproj", "{E4A42FC6-F779-4DBA-97E5-5233E20E3F62}"
EndProject
Project("{FAE04EC0-301F-11D3-BF4B-00C04F79EFBC}") = "PaymentContext.Tests", "PaymentContext.Tests\PaymentContext.Tests.csproj", "{B939D844-592E-4ED1-AE23-D28BFD943D38}"
EndProject
Global
	GlobalSection(SolutionConfigurationPlatforms) = preSolution
		Debug|Any CPU = Debug|Any CPU
		Debug|x64 = Debug|x64
		Debug|x86 = Debug|x86
		Release|Any CPU = Release|Any CPU
		Release|x64 = Release|x64
		Release|x86 = Release|x86
	EndGlobalSection
	GlobalSection(SolutionProperties) = preSolution
		HideSolutionNode = FALSE
	EndGlobalSection
	GlobalSection(ProjectConfigurationPlatforms) = postSolution
		{75DE7E73-8879-4AE3-B9C5-8BBCC8C5229A}.Debug|Any CPU.ActiveCfg = Debug|Any CPU
		{75DE7E73-8879-4AE3-B9C5-8BBCC8C5229A}.Debug|Any CPU.Build.0 = Debug|Any CPU
		{75DE7E73-8879-4AE3-B9C5-8BBCC8C5229A}.Debug|x64.ActiveCfg = Debug|Any CPU
		{75DE7E73-8879-4AE3-B9C5-8BBCC8C5229A}.Debug|x64.Build.0 = Debug|Any CPU
		{75DE7E73-8879-4AE3-B9C5-8BBCC8C5229A}.Debug|x86.ActiveCfg = Debug|Any CPU
		{75DE7E73-8879-4AE3-B9C5-8BBCC8C5229A}.Debug|x86.Build.0 = Debug|Any CPU
		{75DE7E73-8879-4AE3-B9C5-8BBCC8C5229A}.Release|Any CPU.ActiveCfg = Release|Any CPU
		{75DE7E73-8879-4AE3-B9C5-8BBCC8C5229A}.Release|Any CPU.Build.0 = Release|Any CPU
		{75DE7E73-8879-4AE3-B9C5-8BBCC8C5229A}.Release|x64.ActiveCfg = Release|Any CPU
		{75DE7E73-8879-4AE3-B9C5-8BBCC8C5229A}.Release|x64.Build.0 = Release|Any CPU
		{75DE7E73-8879-4AE3-B9C5-8BBCC8C5229A}.Release|x86.ActiveCfg = Release|Any CPU
		{75DE7E73-8879-4AE3-B9C5-8BBCC8C5229A}.Release|x86.Build.0 = Release|Any CPU
		{E4A42FC6-F779-4DBA-97E5-5233E20E3F62}.Debug|Any CPU.ActiveCfg = Debug|Any CPU
		{E4A42FC6-F779-4DBA-97E5-5233E20E3F62}.Debug|Any CPU.Build.0 = Debug|Any CPU
		{E4A42FC6-F779-4DBA-97E5-5233E20E3F62}.Debug|x64.ActiveCfg = Debug|Any CPU
		{E4A42FC6-F779-4DBA-97E5-5233E20E3F62}.Debug|x64.Build.0 = Debug|Any CPU
		{E4A42FC6-F779-4DBA-97E5-5233E20E3F62}.Debug|x86.ActiveCfg = Debug|Any CPU
		{E4A42FC6-F779-4DBA-97E5-5233E20E3F62}.Debug|x86.Build.0 = Debug|Any CPU
		{E4A42FC6-F779-4DBA-97E5-5233E20E3F62}.Release|Any CPU.ActiveCfg = Release|Any CPU
		{E4A42FC6-F779-4DBA-97E5-5233E20E3F62}.Release|Any CPU.Build.0 = Release|Any CPU
		{E4A42FC6-F779-4DBA-97E5-5233E20E3F62}.Release|x64.ActiveCfg = Release|Any CPU
		{E4A42FC6-F779-4DBA-97E5-5233E20E3F62}.Release|x64.Build.0 = Release|Any CPU
		{E4A42FC6-F779-4DBA-97E5-5233E20E3F62}.Release|x86.ActiveCfg = Release|Any CPU
		{E4A42FC6-F779-4DBA-97E5-5233E20E3F62}.Release|x86.Build.0 = Release|Any CPU
		{B939D844-592E-4ED1-AE23-D28BFD943D38}.Debug|Any CPU.ActiveCfg = Debug|Any CPU
		{B939D844-592E-4ED1-AE23-D28BFD943D38}.Debug|Any CPU.Build.0 = Debug|Any CPU
		{B939D844-592E-4ED1-AE23-D28BFD943D38}.Debug|x64.ActiveCfg = Debug|Any CPU
		{B939D844-592E-4ED1-AE23-D28BFD943D38}.Debug|x64.Build.0 = Debug|Any CPU
		{B939D844-592E-4ED1-AE23-D28BFD943D38}.Debug|x86.ActiveCfg = Debug|Any CPU
		{B939D844-592E-4ED1-AE23-D28BFD943D38}.Debug|x86.Build.0 = Debug|Any CPU
		{B939D844-592E-4ED1-AE23-D28BFD943D38}.Release|Any CPU.ActiveCfg = Release|Any CPU
		{B939D844-592E-4ED1-AE23-D28BFD943D38}.Release|Any CPU.Build.0 = Release|Any CPU
		{B939D844-592E-4ED1-AE23-D28BFD943D38}.Release|x64.ActiveCfg = Release|Any CPU
		{B939D844-592E-4ED1-AE23-D28BFD943D38}.Release|x64.Build.0 = Release|Any CPU
		{B939D844-592E-4ED1-AE23-D28BFD943D38}.Release|x86.ActiveCfg = Release|Any CPU
		{B939D844-592E-4ED1-AE23-D28BFD943D38}.Release|x86.Build.0 = Release|Any CPU
	EndGlobalSection
EndGlobal
